// !$*UTF8*$!
{
	archiveVersion = 1;
	classes = {
	};
	objectVersion = 50;
	objects = {

/* Begin PBXBuildFile section */
		39B2D85F2579C7E100493B01 /* AppDelegate.swift in Sources */ = {isa = PBXBuildFile; fileRef = 39B2D85E2579C7E100493B01 /* AppDelegate.swift */; };
		39B2D8612579C7E100493B01 /* SceneDelegate.swift in Sources */ = {isa = PBXBuildFile; fileRef = 39B2D8602579C7E100493B01 /* SceneDelegate.swift */; };
		39B2D8632579C7E100493B01 /* ViewController.swift in Sources */ = {isa = PBXBuildFile; fileRef = 39B2D8622579C7E100493B01 /* ViewController.swift */; };
		39B2D8662579C7E100493B01 /* Main.storyboard in Resources */ = {isa = PBXBuildFile; fileRef = 39B2D8642579C7E100493B01 /* Main.storyboard */; };
		39B2D8682579C7E100493B01 /* Assets.xcassets in Resources */ = {isa = PBXBuildFile; fileRef = 39B2D8672579C7E100493B01 /* Assets.xcassets */; };
		39B2D86B2579C7E100493B01 /* LaunchScreen.storyboard in Resources */ = {isa = PBXBuildFile; fileRef = 39B2D8692579C7E100493B01 /* LaunchScreen.storyboard */; };
		39B2D8762579C7E100493B01 /* tipTests.swift in Sources */ = {isa = PBXBuildFile; fileRef = 39B2D8752579C7E100493B01 /* tipTests.swift */; };
		39B2D8812579C7E200493B01 /* tipUITests.swift in Sources */ = {isa = PBXBuildFile; fileRef = 39B2D8802579C7E200493B01 /* tipUITests.swift */; };
/* End PBXBuildFile section */

/* Begin PBXContainerItemProxy section */
		39B2D8722579C7E100493B01 /* PBXContainerItemProxy */ = {
			isa = PBXContainerItemProxy;
			containerPortal = 39B2D8532579C7E100493B01 /* Project object */;
			proxyType = 1;
			remoteGlobalIDString = 39B2D85A2579C7E100493B01;
			remoteInfo = tip;
		};
		39B2D87D2579C7E100493B01 /* PBXContainerItemProxy */ = {
			isa = PBXContainerItemProxy;
			containerPortal = 39B2D8532579C7E100493B01 /* Project object */;
			proxyType = 1;
			remoteGlobalIDString = 39B2D85A2579C7E100493B01;
			remoteInfo = tip;
		};
/* End PBXContainerItemProxy section */

/* Begin PBXFileReference section */
		39B2D85B2579C7E100493B01 /* tip.app */ = {isa = PBXFileReference; explicitFileType = wrapper.application; includeInIndex = 0; path = tip.app; sourceTree = BUILT_PRODUCTS_DIR; };
		39B2D85E2579C7E100493B01 /* AppDelegate.swift */ = {isa = PBXFileReference; lastKnownFileType = sourcecode.swift; path = AppDelegate.swift; sourceTree = "<group>"; };
		39B2D8602579C7E100493B01 /* SceneDelegate.swift */ = {isa = PBXFileReference; lastKnownFileType = sourcecode.swift; path = SceneDelegate.swift; sourceTree = "<group>"; };
		39B2D8622579C7E100493B01 /* ViewController.swift */ = {isa = PBXFileReference; lastKnownFileType = sourcecode.swift; path = ViewController.swift; sourceTree = "<group>"; };
		39B2D8652579C7E100493B01 /* Base */ = {isa = PBXFileReference; lastKnownFileType = file.storyboard; name = Base; path = Base.lproj/Main.storyboard; sourceTree = "<group>"; };
		39B2D8672579C7E100493B01 /* Assets.xcassets */ = {isa = PBXFileReference; lastKnownFileType = folder.assetcatalog; path = Assets.xcassets; sourceTree = "<group>"; };
		39B2D86A2579C7E100493B01 /* Base */ = {isa = PBXFileReference; lastKnownFileType = file.storyboard; name = Base; path = Base.lproj/LaunchScreen.storyboard; sourceTree = "<group>"; };
		39B2D86C2579C7E100493B01 /* Info.plist */ = {isa = PBXFileReference; lastKnownFileType = text.plist.xml; path = Info.plist; sourceTree = "<group>"; };
		39B2D8712579C7E100493B01 /* tipTests.xctest */ = {isa = PBXFileReference; explicitFileType = wrapper.cfbundle; includeInIndex = 0; path = tipTests.xctest; sourceTree = BUILT_PRODUCTS_DIR; };
		39B2D8752579C7E100493B01 /* tipTests.swift */ = {isa = PBXFileReference; lastKnownFileType = sourcecode.swift; path = tipTests.swift; sourceTree = "<group>"; };
		39B2D8772579C7E100493B01 /* Info.plist */ = {isa = PBXFileReference; lastKnownFileType = text.plist.xml; path = Info.plist; sourceTree = "<group>"; };
		39B2D87C2579C7E100493B01 /* tipUITests.xctest */ = {isa = PBXFileReference; explicitFileType = wrapper.cfbundle; includeInIndex = 0; path = tipUITests.xctest; sourceTree = BUILT_PRODUCTS_DIR; };
		39B2D8802579C7E200493B01 /* tipUITests.swift */ = {isa = PBXFileReference; lastKnownFileType = sourcecode.swift; path = tipUITests.swift; sourceTree = "<group>"; };
		39B2D8822579C7E200493B01 /* Info.plist */ = {isa = PBXFileReference; lastKnownFileType = text.plist.xml; path = Info.plist; sourceTree = "<group>"; };
/* End PBXFileReference section */

/* Begin PBXFrameworksBuildPhase section */
		39B2D8582579C7E100493B01 /* Frameworks */ = {
			isa = PBXFrameworksBuildPhase;
			buildActionMask = 2147483647;
			files = (
			);
			runOnlyForDeploymentPostprocessing = 0;
		};
		39B2D86E2579C7E100493B01 /* Frameworks */ = {
			isa = PBXFrameworksBuildPhase;
			buildActionMask = 2147483647;
			files = (
			);
			runOnlyForDeploymentPostprocessing = 0;
		};
		39B2D8792579C7E100493B01 /* Frameworks */ = {
			isa = PBXFrameworksBuildPhase;
			buildActionMask = 2147483647;
			files = (
			);
			runOnlyForDeploymentPostprocessing = 0;
		};
/* End PBXFrameworksBuildPhase section */

/* Begin PBXGroup section */
		39B2D8522579C7E100493B01 = {
			isa = PBXGroup;
			children = (
				39B2D85D2579C7E100493B01 /* tip */,
				39B2D8742579C7E100493B01 /* tipTests */,
				39B2D87F2579C7E200493B01 /* tipUITests */,
				39B2D85C2579C7E100493B01 /* Products */,
			);
			sourceTree = "<group>";
		};
		39B2D85C2579C7E100493B01 /* Products */ = {
			isa = PBXGroup;
			children = (
				39B2D85B2579C7E100493B01 /* tip.app */,
				39B2D8712579C7E100493B01 /* tipTests.xctest */,
				39B2D87C2579C7E100493B01 /* tipUITests.xctest */,
			);
			name = Products;
			sourceTree = "<group>";
		};
		39B2D85D2579C7E100493B01 /* tip */ = {
			isa = PBXGroup;
			children = (
				39B2D85E2579C7E100493B01 /* AppDelegate.swift */,
				39B2D8602579C7E100493B01 /* SceneDelegate.swift */,
				39B2D8622579C7E100493B01 /* ViewController.swift */,
				39B2D8642579C7E100493B01 /* Main.storyboard */,
				39B2D8672579C7E100493B01 /* Assets.xcassets */,
				39B2D8692579C7E100493B01 /* LaunchScreen.storyboard */,
				39B2D86C2579C7E100493B01 /* Info.plist */,
			);
			path = tip;
			sourceTree = "<group>";
		};
		39B2D8742579C7E100493B01 /* tipTests */ = {
			isa = PBXGroup;
			children = (
				39B2D8752579C7E100493B01 /* tipTests.swift */,
				39B2D8772579C7E100493B01 /* Info.plist */,
			);
			path = tipTests;
			sourceTree = "<group>";
		};
		39B2D87F2579C7E200493B01 /* tipUITests */ = {
			isa = PBXGroup;
			children = (
				39B2D8802579C7E200493B01 /* tipUITests.swift */,
				39B2D8822579C7E200493B01 /* Info.plist */,
			);
			path = tipUITests;
			sourceTree = "<group>";
		};
/* End PBXGroup section */

/* Begin PBXNativeTarget section */
		39B2D85A2579C7E100493B01 /* tip */ = {
			isa = PBXNativeTarget;
			buildConfigurationList = 39B2D8852579C7E200493B01 /* Build configuration list for PBXNativeTarget "tip" */;
			buildPhases = (
				39B2D8572579C7E100493B01 /* Sources */,
				39B2D8582579C7E100493B01 /* Frameworks */,
				39B2D8592579C7E100493B01 /* Resources */,
			);
			buildRules = (
			);
			dependencies = (
			);
			name = tip;
			productName = tip;
			productReference = 39B2D85B2579C7E100493B01 /* tip.app */;
			productType = "com.apple.product-type.application";
		};
		39B2D8702579C7E100493B01 /* tipTests */ = {
			isa = PBXNativeTarget;
			buildConfigurationList = 39B2D8882579C7E200493B01 /* Build configuration list for PBXNativeTarget "tipTests" */;
			buildPhases = (
				39B2D86D2579C7E100493B01 /* Sources */,
				39B2D86E2579C7E100493B01 /* Frameworks */,
				39B2D86F2579C7E100493B01 /* Resources */,
			);
			buildRules = (
			);
			dependencies = (
				39B2D8732579C7E100493B01 /* PBXTargetDependency */,
			);
			name = tipTests;
			productName = tipTests;
			productReference = 39B2D8712579C7E100493B01 /* tipTests.xctest */;
			productType = "com.apple.product-type.bundle.unit-test";
		};
		39B2D87B2579C7E100493B01 /* tipUITests */ = {
			isa = PBXNativeTarget;
			buildConfigurationList = 39B2D88B2579C7E200493B01 /* Build configuration list for PBXNativeTarget "tipUITests" */;
			buildPhases = (
				39B2D8782579C7E100493B01 /* Sources */,
				39B2D8792579C7E100493B01 /* Frameworks */,
				39B2D87A2579C7E100493B01 /* Resources */,
			);
			buildRules = (
			);
			dependencies = (
				39B2D87E2579C7E100493B01 /* PBXTargetDependency */,
			);
			name = tipUITests;
			productName = tipUITests;
			productReference = 39B2D87C2579C7E100493B01 /* tipUITests.xctest */;
			productType = "com.apple.product-type.bundle.ui-testing";
		};
/* End PBXNativeTarget section */

/* Begin PBXProject section */
		39B2D8532579C7E100493B01 /* Project object */ = {
			isa = PBXProject;
			attributes = {
				LastSwiftUpdateCheck = 1220;
				LastUpgradeCheck = 1220;
				TargetAttributes = {
					39B2D85A2579C7E100493B01 = {
						CreatedOnToolsVersion = 12.2;
					};
					39B2D8702579C7E100493B01 = {
						CreatedOnToolsVersion = 12.2;
						TestTargetID = 39B2D85A2579C7E100493B01;
					};
					39B2D87B2579C7E100493B01 = {
						CreatedOnToolsVersion = 12.2;
						TestTargetID = 39B2D85A2579C7E100493B01;
					};
				};
			};
			buildConfigurationList = 39B2D8562579C7E100493B01 /* Build configuration list for PBXProject "tip" */;
			compatibilityVersion = "Xcode 9.3";
			developmentRegion = en;
			hasScannedForEncodings = 0;
			knownRegions = (
				en,
				Base,
			);
			mainGroup = 39B2D8522579C7E100493B01;
			productRefGroup = 39B2D85C2579C7E100493B01 /* Products */;
			projectDirPath = "";
			projectRoot = "";
			targets = (
				39B2D85A2579C7E100493B01 /* tip */,
				39B2D8702579C7E100493B01 /* tipTests */,
				39B2D87B2579C7E100493B01 /* tipUITests */,
			);
		};
/* End PBXProject section */

/* Begin PBXResourcesBuildPhase section */
		39B2D8592579C7E100493B01 /* Resources */ = {
			isa = PBXResourcesBuildPhase;
			buildActionMask = 2147483647;
			files = (
				39B2D86B2579C7E100493B01 /* LaunchScreen.storyboard in Resources */,
				39B2D8682579C7E100493B01 /* Assets.xcassets in Resources */,
				39B2D8662579C7E100493B01 /* Main.storyboard in Resources */,
			);
			runOnlyForDeploymentPostprocessing = 0;
		};
		39B2D86F2579C7E100493B01 /* Resources */ = {
			isa = PBXResourcesBuildPhase;
			buildActionMask = 2147483647;
			files = (
			);
			runOnlyForDeploymentPostprocessing = 0;
		};
		39B2D87A2579C7E100493B01 /* Resources */ = {
			isa = PBXResourcesBuildPhase;
			buildActionMask = 2147483647;
			files = (
			);
			runOnlyForDeploymentPostprocessing = 0;
		};
/* End PBXResourcesBuildPhase section */

/* Begin PBXSourcesBuildPhase section */
		39B2D8572579C7E100493B01 /* Sources */ = {
			isa = PBXSourcesBuildPhase;
			buildActionMask = 2147483647;
			files = (
				39B2D8632579C7E100493B01 /* ViewController.swift in Sources */,
				39B2D85F2579C7E100493B01 /* AppDelegate.swift in Sources */,
				39B2D8612579C7E100493B01 /* SceneDelegate.swift in Sources */,
			);
			runOnlyForDeploymentPostprocessing = 0;
		};
		39B2D86D2579C7E100493B01 /* Sources */ = {
			isa = PBXSourcesBuildPhase;
			buildActionMask = 2147483647;
			files = (
				39B2D8762579C7E100493B01 /* tipTests.swift in Sources */,
			);
			runOnlyForDeploymentPostprocessing = 0;
		};
		39B2D8782579C7E100493B01 /* Sources */ = {
			isa = PBXSourcesBuildPhase;
			buildActionMask = 2147483647;
			files = (
				39B2D8812579C7E200493B01 /* tipUITests.swift in Sources */,
			);
			runOnlyForDeploymentPostprocessing = 0;
		};
/* End PBXSourcesBuildPhase section */

/* Begin PBXTargetDependency section */
		39B2D8732579C7E100493B01 /* PBXTargetDependency */ = {
			isa = PBXTargetDependency;
			target = 39B2D85A2579C7E100493B01 /* tip */;
			targetProxy = 39B2D8722579C7E100493B01 /* PBXContainerItemProxy */;
		};
		39B2D87E2579C7E100493B01 /* PBXTargetDependency */ = {
			isa = PBXTargetDependency;
			target = 39B2D85A2579C7E100493B01 /* tip */;
			targetProxy = 39B2D87D2579C7E100493B01 /* PBXContainerItemProxy */;
		};
/* End PBXTargetDependency section */

/* Begin PBXVariantGroup section */
		39B2D8642579C7E100493B01 /* Main.storyboard */ = {
			isa = PBXVariantGroup;
			children = (
				39B2D8652579C7E100493B01 /* Base */,
			);
			name = Main.storyboard;
			sourceTree = "<group>";
		};
		39B2D8692579C7E100493B01 /* LaunchScreen.storyboard */ = {
			isa = PBXVariantGroup;
			children = (
				39B2D86A2579C7E100493B01 /* Base */,
			);
			name = LaunchScreen.storyboard;
			sourceTree = "<group>";
		};
/* End PBXVariantGroup section */

/* Begin XCBuildConfiguration section */
		39B2D8832579C7E200493B01 /* Debug */ = {
			isa = XCBuildConfiguration;
			buildSettings = {
				ALWAYS_SEARCH_USER_PATHS = NO;
				CLANG_ANALYZER_NONNULL = YES;
				CLANG_ANALYZER_NUMBER_OBJECT_CONVERSION = YES_AGGRESSIVE;
				CLANG_CXX_LANGUAGE_STANDARD = "gnu++14";
				CLANG_CXX_LIBRARY = "libc++";
				CLANG_ENABLE_MODULES = YES;
				CLANG_ENABLE_OBJC_ARC = YES;
				CLANG_ENABLE_OBJC_WEAK = YES;
				CLANG_WARN_BLOCK_CAPTURE_AUTORELEASING = YES;
				CLANG_WARN_BOOL_CONVERSION = YES;
				CLANG_WARN_COMMA = YES;
				CLANG_WARN_CONSTANT_CONVERSION = YES;
				CLANG_WARN_DEPRECATED_OBJC_IMPLEMENTATIONS = YES;
				CLANG_WARN_DIRECT_OBJC_ISA_USAGE = YES_ERROR;
				CLANG_WARN_DOCUMENTATION_COMMENTS = YES;
				CLANG_WARN_EMPTY_BODY = YES;
				CLANG_WARN_ENUM_CONVERSION = YES;
				CLANG_WARN_INFINITE_RECURSION = YES;
				CLANG_WARN_INT_CONVERSION = YES;
				CLANG_WARN_NON_LITERAL_NULL_CONVERSION = YES;
				CLANG_WARN_OBJC_IMPLICIT_RETAIN_SELF = YES;
				CLANG_WARN_OBJC_LITERAL_CONVERSION = YES;
				CLANG_WARN_OBJC_ROOT_CLASS = YES_ERROR;
				CLANG_WARN_QUOTED_INCLUDE_IN_FRAMEWORK_HEADER = YES;
				CLANG_WARN_RANGE_LOOP_ANALYSIS = YES;
				CLANG_WARN_STRICT_PROTOTYPES = YES;
				CLANG_WARN_SUSPICIOUS_MOVE = YES;
				CLANG_WARN_UNGUARDED_AVAILABILITY = YES_AGGRESSIVE;
				CLANG_WARN_UNREACHABLE_CODE = YES;
				CLANG_WARN__DUPLICATE_METHOD_MATCH = YES;
				COPY_PHASE_STRIP = NO;
				DEBUG_INFORMATION_FORMAT = dwarf;
				ENABLE_STRICT_OBJC_MSGSEND = YES;
				ENABLE_TESTABILITY = YES;
				GCC_C_LANGUAGE_STANDARD = gnu11;
				GCC_DYNAMIC_NO_PIC = NO;
				GCC_NO_COMMON_BLOCKS = YES;
				GCC_OPTIMIZATION_LEVEL = 0;
				GCC_PREPROCESSOR_DEFINITIONS = (
					"DEBUG=1",
					"$(inherited)",
				);
				GCC_WARN_64_TO_32_BIT_CONVERSION = YES;
				GCC_WARN_ABOUT_RETURN_TYPE = YES_ERROR;
				GCC_WARN_UNDECLARED_SELECTOR = YES;
				GCC_WARN_UNINITIALIZED_AUTOS = YES_AGGRESSIVE;
				GCC_WARN_UNUSED_FUNCTION = YES;
				GCC_WARN_UNUSED_VARIABLE = YES;
				IPHONEOS_DEPLOYMENT_TARGET = 14.2;
				MTL_ENABLE_DEBUG_INFO = INCLUDE_SOURCE;
				MTL_FAST_MATH = YES;
				ONLY_ACTIVE_ARCH = YES;
				SDKROOT = iphoneos;
				SWIFT_ACTIVE_COMPILATION_CONDITIONS = DEBUG;
				SWIFT_OPTIMIZATION_LEVEL = "-Onone";
			};
			name = Debug;
		};
		39B2D8842579C7E200493B01 /* Release */ = {
			isa = XCBuildConfiguration;
			buildSettings = {
				ALWAYS_SEARCH_USER_PATHS = NO;
				CLANG_ANALYZER_NONNULL = YES;
				CLANG_ANALYZER_NUMBER_OBJECT_CONVERSION = YES_AGGRESSIVE;
				CLANG_CXX_LANGUAGE_STANDARD = "gnu++14";
				CLANG_CXX_LIBRARY = "libc++";
				CLANG_ENABLE_MODULES = YES;
				CLANG_ENABLE_OBJC_ARC = YES;
				CLANG_ENABLE_OBJC_WEAK = YES;
				CLANG_WARN_BLOCK_CAPTURE_AUTORELEASING = YES;
				CLANG_WARN_BOOL_CONVERSION = YES;
				CLANG_WARN_COMMA = YES;
				CLANG_WARN_CONSTANT_CONVERSION = YES;
				CLANG_WARN_DEPRECATED_OBJC_IMPLEMENTATIONS = YES;
				CLANG_WARN_DIRECT_OBJC_ISA_USAGE = YES_ERROR;
				CLANG_WARN_DOCUMENTATION_COMMENTS = YES;
				CLANG_WARN_EMPTY_BODY = YES;
				CLANG_WARN_ENUM_CONVERSION = YES;
				CLANG_WARN_INFINITE_RECURSION = YES;
				CLANG_WARN_INT_CONVERSION = YES;
				CLANG_WARN_NON_LITERAL_NULL_CONVERSION = YES;
				CLANG_WARN_OBJC_IMPLICIT_RETAIN_SELF = YES;
				CLANG_WARN_OBJC_LITERAL_CONVERSION = YES;
				CLANG_WARN_OBJC_ROOT_CLASS = YES_ERROR;
				CLANG_WARN_QUOTED_INCLUDE_IN_FRAMEWORK_HEADER = YES;
				CLANG_WARN_RANGE_LOOP_ANALYSIS = YES;
				CLANG_WARN_STRICT_PROTOTYPES = YES;
				CLANG_WARN_SUSPICIOUS_MOVE = YES;
				CLANG_WARN_UNGUARDED_AVAILABILITY = YES_AGGRESSIVE;
				CLANG_WARN_UNREACHABLE_CODE = YES;
				CLANG_WARN__DUPLICATE_METHOD_MATCH = YES;
				COPY_PHASE_STRIP = NO;
				DEBUG_INFORMATION_FORMAT = "dwarf-with-dsym";
				ENABLE_NS_ASSERTIONS = NO;
				ENABLE_STRICT_OBJC_MSGSEND = YES;
				GCC_C_LANGUAGE_STANDARD = gnu11;
				GCC_NO_COMMON_BLOCKS = YES;
				GCC_WARN_64_TO_32_BIT_CONVERSION = YES;
				GCC_WARN_ABOUT_RETURN_TYPE = YES_ERROR;
				GCC_WARN_UNDECLARED_SELECTOR = YES;
				GCC_WARN_UNINITIALIZED_AUTOS = YES_AGGRESSIVE;
				GCC_WARN_UNUSED_FUNCTION = YES;
				GCC_WARN_UNUSED_VARIABLE = YES;
				IPHONEOS_DEPLOYMENT_TARGET = 14.2;
				MTL_ENABLE_DEBUG_INFO = NO;
				MTL_FAST_MATH = YES;
				SDKROOT = iphoneos;
				SWIFT_COMPILATION_MODE = wholemodule;
				SWIFT_OPTIMIZATION_LEVEL = "-O";
				VALIDATE_PRODUCT = YES;
			};
			name = Release;
		};
		39B2D8862579C7E200493B01 /* Debug */ = {
			isa = XCBuildConfiguration;
			buildSettings = {
				ASSETCATALOG_COMPILER_APPICON_NAME = AppIcon;
				ASSETCATALOG_COMPILER_GLOBAL_ACCENT_COLOR_NAME = AccentColor;
				CODE_SIGN_STYLE = Automatic;
				INFOPLIST_FILE = tip/Info.plist;
				LD_RUNPATH_SEARCH_PATHS = (
					"$(inherited)",
					"@executable_path/Frameworks",
				);
				PRODUCT_BUNDLE_IDENTIFIER = codepath.tip;
				PRODUCT_NAME = "$(TARGET_NAME)";
				SWIFT_VERSION = 5.0;
				TARGETED_DEVICE_FAMILY = "1,2";
			};
			name = Debug;
		};
		39B2D8872579C7E200493B01 /* Release */ = {
			isa = XCBuildConfiguration;
			buildSettings = {
				ASSETCATALOG_COMPILER_APPICON_NAME = AppIcon;
				ASSETCATALOG_COMPILER_GLOBAL_ACCENT_COLOR_NAME = AccentColor;
				CODE_SIGN_STYLE = Automatic;
				INFOPLIST_FILE = tip/Info.plist;
				LD_RUNPATH_SEARCH_PATHS = (
					"$(inherited)",
					"@executable_path/Frameworks",
				);
				PRODUCT_BUNDLE_IDENTIFIER = codepath.tip;
				PRODUCT_NAME = "$(TARGET_NAME)";
				SWIFT_VERSION = 5.0;
				TARGETED_DEVICE_FAMILY = "1,2";
			};
			name = Release;
		};
		39B2D8892579C7E200493B01 /* Debug */ = {
			isa = XCBuildConfiguration;
			buildSettings = {
				ALWAYS_EMBED_SWIFT_STANDARD_LIBRARIES = YES;
				BUNDLE_LOADER = "$(TEST_HOST)";
				CODE_SIGN_STYLE = Automatic;
				INFOPLIST_FILE = tipTests/Info.plist;
				IPHONEOS_DEPLOYMENT_TARGET = 14.2;
				LD_RUNPATH_SEARCH_PATHS = (
					"$(inherited)",
					"@executable_path/Frameworks",
					"@loader_path/Frameworks",
				);
				PRODUCT_BUNDLE_IDENTIFIER = codepath.tipTests;
				PRODUCT_NAME = "$(TARGET_NAME)";
				SWIFT_VERSION = 5.0;
				TARGETED_DEVICE_FAMILY = "1,2";
				TEST_HOST = "$(BUILT_PRODUCTS_DIR)/tip.app/tip";
			};
			name = Debug;
		};
		39B2D88A2579C7E200493B01 /* Release */ = {
			isa = XCBuildConfiguration;
			buildSettings = {
				ALWAYS_EMBED_SWIFT_STANDARD_LIBRARIES = YES;
				BUNDLE_LOADER = "$(TEST_HOST)";
				CODE_SIGN_STYLE = Automatic;
				INFOPLIST_FILE = tipTests/Info.plist;
				IPHONEOS_DEPLOYMENT_TARGET = 14.2;
				LD_RUNPATH_SEARCH_PATHS = (
					"$(inherited)",
					"@executable_path/Frameworks",
					"@loader_path/Frameworks",
				);
				PRODUCT_BUNDLE_IDENTIFIER = codepath.tipTests;
				PRODUCT_NAME = "$(TARGET_NAME)";
				SWIFT_VERSION = 5.0;
				TARGETED_DEVICE_FAMILY = "1,2";
				TEST_HOST = "$(BUILT_PRODUCTS_DIR)/tip.app/tip";
			};
			name = Release;
		};
		39B2D88C2579C7E200493B01 /* Debug */ = {
			isa = XCBuildConfiguration;
			buildSettings = {
				ALWAYS_EMBED_SWIFT_STANDARD_LIBRARIES = YES;
				CODE_SIGN_STYLE = Automatic;
				INFOPLIST_FILE = tipUITests/Info.plist;
				LD_RUNPATH_SEARCH_PATHS = (
					"$(inherited)",
					"@executable_path/Frameworks",
					"@loader_path/Frameworks",
				);
				PRODUCT_BUNDLE_IDENTIFIER = codepath.tipUITests;
				PRODUCT_NAME = "$(TARGET_NAME)";
				SWIFT_VERSION = 5.0;
				TARGETED_DEVICE_FAMILY = "1,2";
				TEST_TARGET_NAME = tip;
			};
			name = Debug;
		};
		39B2D88D2579C7E200493B01 /* Release */ = {
			isa = XCBuildConfiguration;
			buildSettings = {
				ALWAYS_EMBED_SWIFT_STANDARD_LIBRARIES = YES;
				CODE_SIGN_STYLE = Automatic;
				INFOPLIST_FILE = tipUITests/Info.plist;
				LD_RUNPATH_SEARCH_PATHS = (
					"$(inherited)",
					"@executable_path/Frameworks",
					"@loader_path/Frameworks",
				);
				PRODUCT_BUNDLE_IDENTIFIER = codepath.tipUITests;
				PRODUCT_NAME = "$(TARGET_NAME)";
				SWIFT_VERSION = 5.0;
				TARGETED_DEVICE_FAMILY = "1,2";
				TEST_TARGET_NAME = tip;
			};
			name = Release;
		};
/* End XCBuildConfiguration section */

/* Begin XCConfigurationList section */
		39B2D8562579C7E100493B01 /* Build configuration list for PBXProject "tip" */ = {
			isa = XCConfigurationList;
			buildConfigurations = (
				39B2D8832579C7E200493B01 /* Debug */,
				39B2D8842579C7E200493B01 /* Release */,
			);
			defaultConfigurationIsVisible = 0;
			defaultConfigurationName = Release;
		};
		39B2D8852579C7E200493B01 /* Build configuration list for PBXNativeTarget "tip" */ = {
			isa = XCConfigurationList;
			buildConfigurations = (
				39B2D8862579C7E200493B01 /* Debug */,
				39B2D8872579C7E200493B01 /* Release */,
			);
			defaultConfigurationIsVisible = 0;
			defaultConfigurationName = Release;
		};
		39B2D8882579C7E200493B01 /* Build configuration list for PBXNativeTarget "tipTests" */ = {
			isa = XCConfigurationList;
			buildConfigurations = (
				39B2D8892579C7E200493B01 /* Debug */,
				39B2D88A2579C7E200493B01 /* Release */,
			);
			defaultConfigurationIsVisible = 0;
			defaultConfigurationName = Release;
		};
		39B2D88B2579C7E200493B01 /* Build configuration list for PBXNativeTarget "tipUITests" */ = {
			isa = XCConfigurationList;
			buildConfigurations = (
				39B2D88C2579C7E200493B01 /* Debug */,
				39B2D88D2579C7E200493B01 /* Release */,
			);
			defaultConfigurationIsVisible = 0;
			defaultConfigurationName = Release;
		};
/* End XCConfigurationList section */
	};
	rootObject = 39B2D8532579C7E100493B01 /* Project object */;
}
